
Microsoft Visual Studio Solution File, Format Version 12.00
# Visual Studio Version 16
VisualStudioVersion = 16.0.31410.357
MinimumVisualStudioVersion = 10.0.40219.1
Project("{FAE04EC0-301F-11D3-BF4B-00C04F79EFBC}") = "HttpTriggerToFileUpload", "HttpTriggerToFileUpload\HttpTriggerToFileUpload.csproj", "{9C2CCD0F-0322-46B2-B71A-6E692F27857E}"
EndProject
Global
	GlobalSection(SolutionConfigurationPlatforms) = preSolution
		Debug|Any CPU = Debug|Any CPU
		Release|Any CPU = Release|Any CPU
	EndGlobalSection
	GlobalSection(ProjectConfigurationPlatforms) = postSolution
		{9C2CCD0F-0322-46B2-B71A-6E692F27857E}.Debug|Any CPU.ActiveCfg = Debug|Any CPU
		{9C2CCD0F-0322-46B2-B71A-6E692F27857E}.Debug|Any CPU.Build.0 = Debug|Any CPU
		{9C2CCD0F-0322-46B2-B71A-6E692F27857E}.Release|Any CPU.ActiveCfg = Release|Any CPU
		{9C2CCD0F-0322-46B2-B71A-6E692F27857E}.Release|Any CPU.Build.0 = Release|Any CPU
	EndGlobalSection
	GlobalSection(SolutionProperties) = preSolution
		HideSolutionNode = FALSE
	EndGlobalSection
	GlobalSection(ExtensibilityGlobals) = postSolution
		SolutionGuid = {420EC42E-5075-4E68-8C5F-BF3C40FDAEC3}
	EndGlobalSection
EndGlobal
