
Microsoft Visual Studio Solution File, Format Version 12.00
# Visual Studio Version 16
VisualStudioVersion = 16.0.31410.357
MinimumVisualStudioVersion = 10.0.40219.1
Project("{FAE04EC0-301F-11D3-BF4B-00C04F79EFBC}") = "Common", "Common\Common.csproj", "{D1CEC46D-C05E-4898-BF5C-244688833C63}"
EndProject
Project("{FAE04EC0-301F-11D3-BF4B-00C04F79EFBC}") = "FileUploadMonitor.Domain", "FileUploadMonitor.Domain\FileUploadMonitor.Domain.csproj", "{86F2F978-0683-4FA3-B42B-5B9DCC691678}"
EndProject
Project("{FAE04EC0-301F-11D3-BF4B-00C04F79EFBC}") = "FileUploadMonitor.Core", "FileUploadMonitor.Core\FileUploadMonitor.Core.csproj", "{A7A09776-BEA3-4764-8F87-4AF4EA27428E}"
EndProject
Project("{FAE04EC0-301F-11D3-BF4B-00C04F79EFBC}") = "FileUploadFunctions", "FileUploadFunctions\FileUploadFunctions.csproj", "{4E13BA77-BE6E-42B8-9C3B-81DA0E40C8FF}"
EndProject
Global
	GlobalSection(SolutionConfigurationPlatforms) = preSolution
		Debug|Any CPU = Debug|Any CPU
		Release|Any CPU = Release|Any CPU
	EndGlobalSection
	GlobalSection(ProjectConfigurationPlatforms) = postSolution
		{D1CEC46D-C05E-4898-BF5C-244688833C63}.Debug|Any CPU.ActiveCfg = Debug|Any CPU
		{D1CEC46D-C05E-4898-BF5C-244688833C63}.Debug|Any CPU.Build.0 = Debug|Any CPU
		{D1CEC46D-C05E-4898-BF5C-244688833C63}.Release|Any CPU.ActiveCfg = Release|Any CPU
		{D1CEC46D-C05E-4898-BF5C-244688833C63}.Release|Any CPU.Build.0 = Release|Any CPU
		{86F2F978-0683-4FA3-B42B-5B9DCC691678}.Debug|Any CPU.ActiveCfg = Debug|Any CPU
		{86F2F978-0683-4FA3-B42B-5B9DCC691678}.Debug|Any CPU.Build.0 = Debug|Any CPU
		{86F2F978-0683-4FA3-B42B-5B9DCC691678}.Release|Any CPU.ActiveCfg = Release|Any CPU
		{86F2F978-0683-4FA3-B42B-5B9DCC691678}.Release|Any CPU.Build.0 = Release|Any CPU
		{A7A09776-BEA3-4764-8F87-4AF4EA27428E}.Debug|Any CPU.ActiveCfg = Debug|Any CPU
		{A7A09776-BEA3-4764-8F87-4AF4EA27428E}.Debug|Any CPU.Build.0 = Debug|Any CPU
		{A7A09776-BEA3-4764-8F87-4AF4EA27428E}.Release|Any CPU.ActiveCfg = Release|Any CPU
		{A7A09776-BEA3-4764-8F87-4AF4EA27428E}.Release|Any CPU.Build.0 = Release|Any CPU
		{4E13BA77-BE6E-42B8-9C3B-81DA0E40C8FF}.Debug|Any CPU.ActiveCfg = Debug|Any CPU
		{4E13BA77-BE6E-42B8-9C3B-81DA0E40C8FF}.Debug|Any CPU.Build.0 = Debug|Any CPU
		{4E13BA77-BE6E-42B8-9C3B-81DA0E40C8FF}.Release|Any CPU.ActiveCfg = Release|Any CPU
		{4E13BA77-BE6E-42B8-9C3B-81DA0E40C8FF}.Release|Any CPU.Build.0 = Release|Any CPU
	EndGlobalSection
	GlobalSection(SolutionProperties) = preSolution
		HideSolutionNode = FALSE
	EndGlobalSection
	GlobalSection(ExtensibilityGlobals) = postSolution
		SolutionGuid = {420EC42E-5075-4E68-8C5F-BF3C40FDAEC3}
	EndGlobalSection
EndGlobal
